
Microsoft Visual Studio Solution File, Format Version 12.00
# Visual Studio Version 17
VisualStudioVersion = 17.0.31903.59
MinimumVisualStudioVersion = 10.0.40219.1
Project("{FAE04EC0-301F-11D3-BF4B-00C04F79EFBC}") = "Bank task", "..\..\Computer science\paper 1\Introduction to OOP\Bank task\Bank task.csproj", "{17DD672A-E188-4DE9-A57B-486ABD77B57A}"
EndProject
Global
	GlobalSection(SolutionConfigurationPlatforms) = preSolution
		Debug|Any CPU = Debug|Any CPU
		Release|Any CPU = Release|Any CPU
	EndGlobalSection
	GlobalSection(SolutionProperties) = preSolution
		HideSolutionNode = FALSE
	EndGlobalSection
	GlobalSection(ProjectConfigurationPlatforms) = postSolution
		{17DD672A-E188-4DE9-A57B-486ABD77B57A}.Debug|Any CPU.ActiveCfg = Debug|Any CPU
		{17DD672A-E188-4DE9-A57B-486ABD77B57A}.Debug|Any CPU.Build.0 = Debug|Any CPU
		{17DD672A-E188-4DE9-A57B-486ABD77B57A}.Release|Any CPU.ActiveCfg = Release|Any CPU
		{17DD672A-E188-4DE9-A57B-486ABD77B57A}.Release|Any CPU.Build.0 = Release|Any CPU
	EndGlobalSection
EndGlobal
